
Microsoft Visual Studio Solution File, Format Version 12.00
# Visual Studio Version 16
VisualStudioVersion = 16.0.30320.27
MinimumVisualStudioVersion = 10.0.40219.1
Project("{9A19103F-16F7-4668-BE54-9A1E7A4F7556}") = "DevIO.API", "src\DevIO.API\DevIO.API.csproj", "{A5EF07A1-349A-4A82-96CC-C3249F720C40}"
EndProject
Project("{9A19103F-16F7-4668-BE54-9A1E7A4F7556}") = "DevIO.Business", "src\DevIO.Business\DevIO.Business.csproj", "{30E2A450-2645-4309-8512-7EA872BC0CEA}"
EndProject
Project("{9A19103F-16F7-4668-BE54-9A1E7A4F7556}") = "DevIO.Data", "src\DevIO.Data\DevIO.Data.csproj", "{A1F8CB42-411D-4B47-A90A-A78FDB345783}"
EndProject
Global
	GlobalSection(SolutionConfigurationPlatforms) = preSolution
		Debug|Any CPU = Debug|Any CPU
		Release|Any CPU = Release|Any CPU
	EndGlobalSection
	GlobalSection(ProjectConfigurationPlatforms) = postSolution
		{A5EF07A1-349A-4A82-96CC-C3249F720C40}.Debug|Any CPU.ActiveCfg = Debug|Any CPU
		{A5EF07A1-349A-4A82-96CC-C3249F720C40}.Debug|Any CPU.Build.0 = Debug|Any CPU
		{A5EF07A1-349A-4A82-96CC-C3249F720C40}.Release|Any CPU.ActiveCfg = Release|Any CPU
		{A5EF07A1-349A-4A82-96CC-C3249F720C40}.Release|Any CPU.Build.0 = Release|Any CPU
		{30E2A450-2645-4309-8512-7EA872BC0CEA}.Debug|Any CPU.ActiveCfg = Debug|Any CPU
		{30E2A450-2645-4309-8512-7EA872BC0CEA}.Debug|Any CPU.Build.0 = Debug|Any CPU
		{30E2A450-2645-4309-8512-7EA872BC0CEA}.Release|Any CPU.ActiveCfg = Release|Any CPU
		{30E2A450-2645-4309-8512-7EA872BC0CEA}.Release|Any CPU.Build.0 = Release|Any CPU
		{A1F8CB42-411D-4B47-A90A-A78FDB345783}.Debug|Any CPU.ActiveCfg = Debug|Any CPU
		{A1F8CB42-411D-4B47-A90A-A78FDB345783}.Debug|Any CPU.Build.0 = Debug|Any CPU
		{A1F8CB42-411D-4B47-A90A-A78FDB345783}.Release|Any CPU.ActiveCfg = Release|Any CPU
		{A1F8CB42-411D-4B47-A90A-A78FDB345783}.Release|Any CPU.Build.0 = Release|Any CPU
	EndGlobalSection
	GlobalSection(SolutionProperties) = preSolution
		HideSolutionNode = FALSE
	EndGlobalSection
	GlobalSection(ExtensibilityGlobals) = postSolution
		SolutionGuid = {89FE2B27-DA70-44EE-A522-C02B7550ED5E}
	EndGlobalSection
EndGlobal
